
Microsoft Visual Studio Solution File, Format Version 12.00
# Visual Studio Version 16
VisualStudioVersion = 16.0.31729.503
MinimumVisualStudioVersion = 10.0.40219.1
Project("{FAE04EC0-301F-11D3-BF4B-00C04F79EFBC}") = "MQTT-TestClient", "MQTT-TestClient\MQTT-TestClient.csproj", "{BA5ED208-40D4-4261-9344-964CE7B2CCA3}"
EndProject
Global
	GlobalSection(SolutionConfigurationPlatforms) = preSolution
		Debug|Any CPU = Debug|Any CPU
		Release|Any CPU = Release|Any CPU
	EndGlobalSection
	GlobalSection(ProjectConfigurationPlatforms) = postSolution
		{BA5ED208-40D4-4261-9344-964CE7B2CCA3}.Debug|Any CPU.ActiveCfg = Debug|Any CPU
		{BA5ED208-40D4-4261-9344-964CE7B2CCA3}.Debug|Any CPU.Build.0 = Debug|Any CPU
		{BA5ED208-40D4-4261-9344-964CE7B2CCA3}.Release|Any CPU.ActiveCfg = Release|Any CPU
		{BA5ED208-40D4-4261-9344-964CE7B2CCA3}.Release|Any CPU.Build.0 = Release|Any CPU
	EndGlobalSection
	GlobalSection(SolutionProperties) = preSolution
		HideSolutionNode = FALSE
	EndGlobalSection
	GlobalSection(ExtensibilityGlobals) = postSolution
		SolutionGuid = {7DACCC77-920E-4939-AEF2-686C3158879E}
	EndGlobalSection
EndGlobal
